
Microsoft Visual Studio Solution File, Format Version 12.00
# Visual Studio Version 17
VisualStudioVersion = 17.5.002.0
MinimumVisualStudioVersion = 10.0.40219.1
Project("{9A19103F-16F7-4668-BE54-9A1E7A4F7556}") = "CommandsService", "CommandsService\CommandsService.csproj", "{A3584CF8-F728-4AAC-8E1D-7EEFDA836591}"
EndProject
Project("{FAE04EC0-301F-11D3-BF4B-00C04F79EFBC}") = "PlatformService", "PlatformService\PlatformService.csproj", "{2F8AE975-0FAD-4F1D-8D0F-B5C4B6DD106D}"
EndProject
Global
	GlobalSection(SolutionConfigurationPlatforms) = preSolution
		Debug|Any CPU = Debug|Any CPU
		Release|Any CPU = Release|Any CPU
	EndGlobalSection
	GlobalSection(ProjectConfigurationPlatforms) = postSolution
		{A3584CF8-F728-4AAC-8E1D-7EEFDA836591}.Debug|Any CPU.ActiveCfg = Debug|Any CPU
		{A3584CF8-F728-4AAC-8E1D-7EEFDA836591}.Debug|Any CPU.Build.0 = Debug|Any CPU
		{A3584CF8-F728-4AAC-8E1D-7EEFDA836591}.Release|Any CPU.ActiveCfg = Release|Any CPU
		{A3584CF8-F728-4AAC-8E1D-7EEFDA836591}.Release|Any CPU.Build.0 = Release|Any CPU
		{2F8AE975-0FAD-4F1D-8D0F-B5C4B6DD106D}.Debug|Any CPU.ActiveCfg = Debug|Any CPU
		{2F8AE975-0FAD-4F1D-8D0F-B5C4B6DD106D}.Debug|Any CPU.Build.0 = Debug|Any CPU
		{2F8AE975-0FAD-4F1D-8D0F-B5C4B6DD106D}.Release|Any CPU.ActiveCfg = Release|Any CPU
		{2F8AE975-0FAD-4F1D-8D0F-B5C4B6DD106D}.Release|Any CPU.Build.0 = Release|Any CPU
	EndGlobalSection
	GlobalSection(SolutionProperties) = preSolution
		HideSolutionNode = FALSE
	EndGlobalSection
	GlobalSection(ExtensibilityGlobals) = postSolution
		SolutionGuid = {7BAADA3A-9B78-4740-980F-1CF001D6BCB1}
	EndGlobalSection
EndGlobal
